
Microsoft Visual Studio Solution File, Format Version 12.00
# Visual Studio Version 17
VisualStudioVersion = 17.8.34511.84
MinimumVisualStudioVersion = 10.0.40219.1
Project("{9A19103F-16F7-4668-BE54-9A1E7A4F7556}") = "DomowaBiblioteczka", "DomowaBiblioteczka\DomowaBiblioteczka.csproj", "{3E0C19A3-3C80-4745-9562-B796D477B31B}"
EndProject
Global
	GlobalSection(SolutionConfigurationPlatforms) = preSolution
		Debug|Any CPU = Debug|Any CPU
		Release|Any CPU = Release|Any CPU
	EndGlobalSection
	GlobalSection(ProjectConfigurationPlatforms) = postSolution
		{3E0C19A3-3C80-4745-9562-B796D477B31B}.Debug|Any CPU.ActiveCfg = Debug|Any CPU
		{3E0C19A3-3C80-4745-9562-B796D477B31B}.Debug|Any CPU.Build.0 = Debug|Any CPU
		{3E0C19A3-3C80-4745-9562-B796D477B31B}.Release|Any CPU.ActiveCfg = Release|Any CPU
		{3E0C19A3-3C80-4745-9562-B796D477B31B}.Release|Any CPU.Build.0 = Release|Any CPU
	EndGlobalSection
	GlobalSection(SolutionProperties) = preSolution
		HideSolutionNode = FALSE
	EndGlobalSection
	GlobalSection(ExtensibilityGlobals) = postSolution
		SolutionGuid = {61AD494E-0D69-4B78-8D66-925689949EAE}
	EndGlobalSection
EndGlobal
